// !$*UTF8*$!
{
	archiveVersion = 1;
	classes = {
	};
	objectVersion = 56;
	objects = {

/* Begin PBXBuildFile section */
		EC6DEEF42B30257F001CB482 /* CustomPopUp.swift in Sources */ = {isa = PBXBuildFile; fileRef = EC6DEEF22B30257F001CB482 /* CustomPopUp.swift */; };
		EC6DEEF52B30257F001CB482 /* CustomPopUp.xib in Resources */ = {isa = PBXBuildFile; fileRef = EC6DEEF32B30257F001CB482 /* CustomPopUp.xib */; };
		EC6DEEF72B30503A001CB482 /* rowData.swift in Sources */ = {isa = PBXBuildFile; fileRef = EC6DEEF62B30503A001CB482 /* rowData.swift */; };
		EC6DEEFA2B31AD0C001CB482 /* SideMenuVc.swift in Sources */ = {isa = PBXBuildFile; fileRef = EC6DEEF92B31AD0C001CB482 /* SideMenuVc.swift */; };
		EC6DEEFD2B31B571001CB482 /* TableViewCell.swift in Sources */ = {isa = PBXBuildFile; fileRef = EC6DEEFB2B31B571001CB482 /* TableViewCell.swift */; };
		EC6DEEFE2B31B571001CB482 /* TableViewCell.xib in Resources */ = {isa = PBXBuildFile; fileRef = EC6DEEFC2B31B571001CB482 /* TableViewCell.xib */; };
		EC6DEF002B31CA08001CB482 /* sideMenuData.swift in Sources */ = {isa = PBXBuildFile; fileRef = EC6DEEFF2B31CA08001CB482 /* sideMenuData.swift */; };
		EC79F9172B2981E4009B6226 /* AppDelegate.swift in Sources */ = {isa = PBXBuildFile; fileRef = EC79F9162B2981E4009B6226 /* AppDelegate.swift */; };
		EC79F9192B2981E4009B6226 /* SceneDelegate.swift in Sources */ = {isa = PBXBuildFile; fileRef = EC79F9182B2981E4009B6226 /* SceneDelegate.swift */; };
		EC79F91E2B2981E4009B6226 /* Main.storyboard in Resources */ = {isa = PBXBuildFile; fileRef = EC79F91C2B2981E4009B6226 /* Main.storyboard */; };
		EC79F9202B2981E7009B6226 /* Assets.xcassets in Resources */ = {isa = PBXBuildFile; fileRef = EC79F91F2B2981E7009B6226 /* Assets.xcassets */; };
		EC79F9232B2981E7009B6226 /* LaunchScreen.storyboard in Resources */ = {isa = PBXBuildFile; fileRef = EC79F9212B2981E7009B6226 /* LaunchScreen.storyboard */; };
		EC79F92D2B29C2F1009B6226 /* ViewController.swift in Sources */ = {isa = PBXBuildFile; fileRef = EC79F92C2B29C2F1009B6226 /* ViewController.swift */; };
		EC7EB5B42B2C2A5100D5E06C /* SecondVc.swift in Sources */ = {isa = PBXBuildFile; fileRef = EC7EB5B32B2C2A5100D5E06C /* SecondVc.swift */; };
		EC7EB5B62B2C442900D5E06C /* WebViewVc.swift in Sources */ = {isa = PBXBuildFile; fileRef = EC7EB5B52B2C442900D5E06C /* WebViewVc.swift */; };
		EC7EB5B82B2F4F1600D5E06C /* SegementVc.swift in Sources */ = {isa = PBXBuildFile; fileRef = EC7EB5B72B2F4F1600D5E06C /* SegementVc.swift */; };
/* End PBXBuildFile section */

/* Begin PBXFileReference section */
		EC6DEEF22B30257F001CB482 /* CustomPopUp.swift */ = {isa = PBXFileReference; lastKnownFileType = sourcecode.swift; path = CustomPopUp.swift; sourceTree = "<group>"; };
		EC6DEEF32B30257F001CB482 /* CustomPopUp.xib */ = {isa = PBXFileReference; lastKnownFileType = file.xib; path = CustomPopUp.xib; sourceTree = "<group>"; };
		EC6DEEF62B30503A001CB482 /* rowData.swift */ = {isa = PBXFileReference; lastKnownFileType = sourcecode.swift; path = rowData.swift; sourceTree = "<group>"; };
		EC6DEEF92B31AD0C001CB482 /* SideMenuVc.swift */ = {isa = PBXFileReference; lastKnownFileType = sourcecode.swift; path = SideMenuVc.swift; sourceTree = "<group>"; };
		EC6DEEFB2B31B571001CB482 /* TableViewCell.swift */ = {isa = PBXFileReference; lastKnownFileType = sourcecode.swift; path = TableViewCell.swift; sourceTree = "<group>"; };
		EC6DEEFC2B31B571001CB482 /* TableViewCell.xib */ = {isa = PBXFileReference; lastKnownFileType = file.xib; path = TableViewCell.xib; sourceTree = "<group>"; };
		EC6DEEFF2B31CA08001CB482 /* sideMenuData.swift */ = {isa = PBXFileReference; lastKnownFileType = sourcecode.swift; path = sideMenuData.swift; sourceTree = "<group>"; };
		EC79F9132B2981E4009B6226 /* testingOnboardscreens.app */ = {isa = PBXFileReference; explicitFileType = wrapper.application; includeInIndex = 0; path = testingOnboardscreens.app; sourceTree = BUILT_PRODUCTS_DIR; };
		EC79F9162B2981E4009B6226 /* AppDelegate.swift */ = {isa = PBXFileReference; lastKnownFileType = sourcecode.swift; path = AppDelegate.swift; sourceTree = "<group>"; };
		EC79F9182B2981E4009B6226 /* SceneDelegate.swift */ = {isa = PBXFileReference; lastKnownFileType = sourcecode.swift; path = SceneDelegate.swift; sourceTree = "<group>"; };
		EC79F91D2B2981E4009B6226 /* Base */ = {isa = PBXFileReference; lastKnownFileType = file.storyboard; name = Base; path = Base.lproj/Main.storyboard; sourceTree = "<group>"; };
		EC79F91F2B2981E7009B6226 /* Assets.xcassets */ = {isa = PBXFileReference; lastKnownFileType = folder.assetcatalog; path = Assets.xcassets; sourceTree = "<group>"; };
		EC79F9222B2981E7009B6226 /* Base */ = {isa = PBXFileReference; lastKnownFileType = file.storyboard; name = Base; path = Base.lproj/LaunchScreen.storyboard; sourceTree = "<group>"; };
		EC79F9242B2981E7009B6226 /* Info.plist */ = {isa = PBXFileReference; lastKnownFileType = text.plist.xml; path = Info.plist; sourceTree = "<group>"; };
		EC79F92C2B29C2F1009B6226 /* ViewController.swift */ = {isa = PBXFileReference; lastKnownFileType = sourcecode.swift; path = ViewController.swift; sourceTree = "<group>"; };
		EC7EB5B32B2C2A5100D5E06C /* SecondVc.swift */ = {isa = PBXFileReference; lastKnownFileType = sourcecode.swift; path = SecondVc.swift; sourceTree = "<group>"; };
		EC7EB5B52B2C442900D5E06C /* WebViewVc.swift */ = {isa = PBXFileReference; lastKnownFileType = sourcecode.swift; path = WebViewVc.swift; sourceTree = "<group>"; };
		EC7EB5B72B2F4F1600D5E06C /* SegementVc.swift */ = {isa = PBXFileReference; lastKnownFileType = sourcecode.swift; path = SegementVc.swift; sourceTree = "<group>"; };
/* End PBXFileReference section */

/* Begin PBXFrameworksBuildPhase section */
		EC79F9102B2981E4009B6226 /* Frameworks */ = {
			isa = PBXFrameworksBuildPhase;
			buildActionMask = 2147483647;
			files = (
			);
			runOnlyForDeploymentPostprocessing = 0;
		};
/* End PBXFrameworksBuildPhase section */

/* Begin PBXGroup section */
		EC6DEEF12B302555001CB482 /* Popups */ = {
			isa = PBXGroup;
			children = (
				EC6DEEF22B30257F001CB482 /* CustomPopUp.swift */,
				EC6DEEF32B30257F001CB482 /* CustomPopUp.xib */,
			);
			path = Popups;
			sourceTree = "<group>";
		};
		EC6DEEF82B31ACF0001CB482 /* sideBar */ = {
			isa = PBXGroup;
			children = (
				EC6DEEF92B31AD0C001CB482 /* SideMenuVc.swift */,
				EC6DEEFF2B31CA08001CB482 /* sideMenuData.swift */,
				EC6DEEFB2B31B571001CB482 /* TableViewCell.swift */,
				EC6DEEFC2B31B571001CB482 /* TableViewCell.xib */,
			);
			path = sideBar;
			sourceTree = "<group>";
		};
		EC79F90A2B2981E4009B6226 = {
			isa = PBXGroup;
			children = (
				EC79F9152B2981E4009B6226 /* testingOnboardscreens */,
				EC79F9142B2981E4009B6226 /* Products */,
			);
			sourceTree = "<group>";
		};
		EC79F9142B2981E4009B6226 /* Products */ = {
			isa = PBXGroup;
			children = (
				EC79F9132B2981E4009B6226 /* testingOnboardscreens.app */,
			);
			name = Products;
			sourceTree = "<group>";
		};
		EC79F9152B2981E4009B6226 /* testingOnboardscreens */ = {
			isa = PBXGroup;
			children = (
				EC6DEEF82B31ACF0001CB482 /* sideBar */,
				EC6DEEF12B302555001CB482 /* Popups */,
				EC79F92C2B29C2F1009B6226 /* ViewController.swift */,
				EC7EB5B52B2C442900D5E06C /* WebViewVc.swift */,
				EC7EB5B32B2C2A5100D5E06C /* SecondVc.swift */,
				EC7EB5B72B2F4F1600D5E06C /* SegementVc.swift */,
				EC6DEEF62B30503A001CB482 /* rowData.swift */,
				EC79F91C2B2981E4009B6226 /* Main.storyboard */,
				EC79F91F2B2981E7009B6226 /* Assets.xcassets */,
				EC79F9212B2981E7009B6226 /* LaunchScreen.storyboard */,
				EC79F9242B2981E7009B6226 /* Info.plist */,
				EC79F9182B2981E4009B6226 /* SceneDelegate.swift */,
				EC79F9162B2981E4009B6226 /* AppDelegate.swift */,
			);
			path = testingOnboardscreens;
			sourceTree = "<group>";
		};
/* End PBXGroup section */

/* Begin PBXNativeTarget section */
		EC79F9122B2981E4009B6226 /* testingOnboardscreens */ = {
			isa = PBXNativeTarget;
			buildConfigurationList = EC79F9272B2981E7009B6226 /* Build configuration list for PBXNativeTarget "testingOnboardscreens" */;
			buildPhases = (
				EC79F90F2B2981E4009B6226 /* Sources */,
				EC79F9102B2981E4009B6226 /* Frameworks */,
				EC79F9112B2981E4009B6226 /* Resources */,
			);
			buildRules = (
			);
			dependencies = (
			);
			name = testingOnboardscreens;
			productName = testingOnboardscreens;
			productReference = EC79F9132B2981E4009B6226 /* testingOnboardscreens.app */;
			productType = "com.apple.product-type.application";
		};
/* End PBXNativeTarget section */

/* Begin PBXProject section */
		EC79F90B2B2981E4009B6226 /* Project object */ = {
			isa = PBXProject;
			attributes = {
				BuildIndependentTargetsInParallel = 1;
				LastSwiftUpdateCheck = 1400;
				LastUpgradeCheck = 1400;
				TargetAttributes = {
					EC79F9122B2981E4009B6226 = {
						CreatedOnToolsVersion = 14.0;
					};
				};
			};
			buildConfigurationList = EC79F90E2B2981E4009B6226 /* Build configuration list for PBXProject "testingOnboardscreens" */;
			compatibilityVersion = "Xcode 14.0";
			developmentRegion = en;
			hasScannedForEncodings = 0;
			knownRegions = (
				en,
				Base,
			);
			mainGroup = EC79F90A2B2981E4009B6226;
			productRefGroup = EC79F9142B2981E4009B6226 /* Products */;
			projectDirPath = "";
			projectRoot = "";
			targets = (
				EC79F9122B2981E4009B6226 /* testingOnboardscreens */,
			);
		};
/* End PBXProject section */

/* Begin PBXResourcesBuildPhase section */
		EC79F9112B2981E4009B6226 /* Resources */ = {
			isa = PBXResourcesBuildPhase;
			buildActionMask = 2147483647;
			files = (
				EC79F9232B2981E7009B6226 /* LaunchScreen.storyboard in Resources */,
				EC6DEEFE2B31B571001CB482 /* TableViewCell.xib in Resources */,
				EC79F9202B2981E7009B6226 /* Assets.xcassets in Resources */,
				EC79F91E2B2981E4009B6226 /* Main.storyboard in Resources */,
				EC6DEEF52B30257F001CB482 /* CustomPopUp.xib in Resources */,
			);
			runOnlyForDeploymentPostprocessing = 0;
		};
/* End PBXResourcesBuildPhase section */

/* Begin PBXSourcesBuildPhase section */
		EC79F90F2B2981E4009B6226 /* Sources */ = {
			isa = PBXSourcesBuildPhase;
			buildActionMask = 2147483647;
			files = (
				EC6DEEF42B30257F001CB482 /* CustomPopUp.swift in Sources */,
				EC79F92D2B29C2F1009B6226 /* ViewController.swift in Sources */,
				EC6DEEF72B30503A001CB482 /* rowData.swift in Sources */,
				EC79F9172B2981E4009B6226 /* AppDelegate.swift in Sources */,
				EC7EB5B82B2F4F1600D5E06C /* SegementVc.swift in Sources */,
				EC6DEEFD2B31B571001CB482 /* TableViewCell.swift in Sources */,
				EC7EB5B42B2C2A5100D5E06C /* SecondVc.swift in Sources */,
				EC7EB5B62B2C442900D5E06C /* WebViewVc.swift in Sources */,
				EC6DEF002B31CA08001CB482 /* sideMenuData.swift in Sources */,
				EC6DEEFA2B31AD0C001CB482 /* SideMenuVc.swift in Sources */,
				EC79F9192B2981E4009B6226 /* SceneDelegate.swift in Sources */,
			);
			runOnlyForDeploymentPostprocessing = 0;
		};
/* End PBXSourcesBuildPhase section */

/* Begin PBXVariantGroup section */
		EC79F91C2B2981E4009B6226 /* Main.storyboard */ = {
			isa = PBXVariantGroup;
			children = (
				EC79F91D2B2981E4009B6226 /* Base */,
			);
			name = Main.storyboard;
			sourceTree = "<group>";
		};
		EC79F9212B2981E7009B6226 /* LaunchScreen.storyboard */ = {
			isa = PBXVariantGroup;
			children = (
				EC79F9222B2981E7009B6226 /* Base */,
			);
			name = LaunchScreen.storyboard;
			sourceTree = "<group>";
		};
/* End PBXVariantGroup section */

/* Begin XCBuildConfiguration section */
		EC79F9252B2981E7009B6226 /* Debug */ = {
			isa = XCBuildConfiguration;
			buildSettings = {
				ALWAYS_SEARCH_USER_PATHS = NO;
				CLANG_ANALYZER_NONNULL = YES;
				CLANG_ANALYZER_NUMBER_OBJECT_CONVERSION = YES_AGGRESSIVE;
				CLANG_CXX_LANGUAGE_STANDARD = "gnu++20";
				CLANG_ENABLE_MODULES = YES;
				CLANG_ENABLE_OBJC_ARC = YES;
				CLANG_ENABLE_OBJC_WEAK = YES;
				CLANG_WARN_BLOCK_CAPTURE_AUTORELEASING = YES;
				CLANG_WARN_BOOL_CONVERSION = YES;
				CLANG_WARN_COMMA = YES;
				CLANG_WARN_CONSTANT_CONVERSION = YES;
				CLANG_WARN_DEPRECATED_OBJC_IMPLEMENTATIONS = YES;
				CLANG_WARN_DIRECT_OBJC_ISA_USAGE = YES_ERROR;
				CLANG_WARN_DOCUMENTATION_COMMENTS = YES;
				CLANG_WARN_EMPTY_BODY = YES;
				CLANG_WARN_ENUM_CONVERSION = YES;
				CLANG_WARN_INFINITE_RECURSION = YES;
				CLANG_WARN_INT_CONVERSION = YES;
				CLANG_WARN_NON_LITERAL_NULL_CONVERSION = YES;
				CLANG_WARN_OBJC_IMPLICIT_RETAIN_SELF = YES;
				CLANG_WARN_OBJC_LITERAL_CONVERSION = YES;
				CLANG_WARN_OBJC_ROOT_CLASS = YES_ERROR;
				CLANG_WARN_QUOTED_INCLUDE_IN_FRAMEWORK_HEADER = YES;
				CLANG_WARN_RANGE_LOOP_ANALYSIS = YES;
				CLANG_WARN_STRICT_PROTOTYPES = YES;
				CLANG_WARN_SUSPICIOUS_MOVE = YES;
				CLANG_WARN_UNGUARDED_AVAILABILITY = YES_AGGRESSIVE;
				CLANG_WARN_UNREACHABLE_CODE = YES;
				CLANG_WARN__DUPLICATE_METHOD_MATCH = YES;
				COPY_PHASE_STRIP = NO;
				DEBUG_INFORMATION_FORMAT = dwarf;
				ENABLE_STRICT_OBJC_MSGSEND = YES;
				ENABLE_TESTABILITY = YES;
				GCC_C_LANGUAGE_STANDARD = gnu11;
				GCC_DYNAMIC_NO_PIC = NO;
				GCC_NO_COMMON_BLOCKS = YES;
				GCC_OPTIMIZATION_LEVEL = 0;
				GCC_PREPROCESSOR_DEFINITIONS = (
					"DEBUG=1",
					"$(inherited)",
				);
				GCC_WARN_64_TO_32_BIT_CONVERSION = YES;
				GCC_WARN_ABOUT_RETURN_TYPE = YES_ERROR;
				GCC_WARN_UNDECLARED_SELECTOR = YES;
				GCC_WARN_UNINITIALIZED_AUTOS = YES_AGGRESSIVE;
				GCC_WARN_UNUSED_FUNCTION = YES;
				GCC_WARN_UNUSED_VARIABLE = YES;
				IPHONEOS_DEPLOYMENT_TARGET = 16.0;
				MTL_ENABLE_DEBUG_INFO = INCLUDE_SOURCE;
				MTL_FAST_MATH = YES;
				ONLY_ACTIVE_ARCH = YES;
				SDKROOT = iphoneos;
				SWIFT_ACTIVE_COMPILATION_CONDITIONS = DEBUG;
				SWIFT_OPTIMIZATION_LEVEL = "-Onone";
			};
			name = Debug;
		};
		EC79F9262B2981E7009B6226 /* Release */ = {
			isa = XCBuildConfiguration;
			buildSettings = {
				ALWAYS_SEARCH_USER_PATHS = NO;
				CLANG_ANALYZER_NONNULL = YES;
				CLANG_ANALYZER_NUMBER_OBJECT_CONVERSION = YES_AGGRESSIVE;
				CLANG_CXX_LANGUAGE_STANDARD = "gnu++20";
				CLANG_ENABLE_MODULES = YES;
				CLANG_ENABLE_OBJC_ARC = YES;
				CLANG_ENABLE_OBJC_WEAK = YES;
				CLANG_WARN_BLOCK_CAPTURE_AUTORELEASING = YES;
				CLANG_WARN_BOOL_CONVERSION = YES;
				CLANG_WARN_COMMA = YES;
				CLANG_WARN_CONSTANT_CONVERSION = YES;
				CLANG_WARN_DEPRECATED_OBJC_IMPLEMENTATIONS = YES;
				CLANG_WARN_DIRECT_OBJC_ISA_USAGE = YES_ERROR;
				CLANG_WARN_DOCUMENTATION_COMMENTS = YES;
				CLANG_WARN_EMPTY_BODY = YES;
				CLANG_WARN_ENUM_CONVERSION = YES;
				CLANG_WARN_INFINITE_RECURSION = YES;
				CLANG_WARN_INT_CONVERSION = YES;
				CLANG_WARN_NON_LITERAL_NULL_CONVERSION = YES;
				CLANG_WARN_OBJC_IMPLICIT_RETAIN_SELF = YES;
				CLANG_WARN_OBJC_LITERAL_CONVERSION = YES;
				CLANG_WARN_OBJC_ROOT_CLASS = YES_ERROR;
				CLANG_WARN_QUOTED_INCLUDE_IN_FRAMEWORK_HEADER = YES;
				CLANG_WARN_RANGE_LOOP_ANALYSIS = YES;
				CLANG_WARN_STRICT_PROTOTYPES = YES;
				CLANG_WARN_SUSPICIOUS_MOVE = YES;
				CLANG_WARN_UNGUARDED_AVAILABILITY = YES_AGGRESSIVE;
				CLANG_WARN_UNREACHABLE_CODE = YES;
				CLANG_WARN__DUPLICATE_METHOD_MATCH = YES;
				COPY_PHASE_STRIP = NO;
				DEBUG_INFORMATION_FORMAT = "dwarf-with-dsym";
				ENABLE_NS_ASSERTIONS = NO;
				ENABLE_STRICT_OBJC_MSGSEND = YES;
				GCC_C_LANGUAGE_STANDARD = gnu11;
				GCC_NO_COMMON_BLOCKS = YES;
				GCC_WARN_64_TO_32_BIT_CONVERSION = YES;
				GCC_WARN_ABOUT_RETURN_TYPE = YES_ERROR;
				GCC_WARN_UNDECLARED_SELECTOR = YES;
				GCC_WARN_UNINITIALIZED_AUTOS = YES_AGGRESSIVE;
				GCC_WARN_UNUSED_FUNCTION = YES;
				GCC_WARN_UNUSED_VARIABLE = YES;
				IPHONEOS_DEPLOYMENT_TARGET = 16.0;
				MTL_ENABLE_DEBUG_INFO = NO;
				MTL_FAST_MATH = YES;
				SDKROOT = iphoneos;
				SWIFT_COMPILATION_MODE = wholemodule;
				SWIFT_OPTIMIZATION_LEVEL = "-O";
				VALIDATE_PRODUCT = YES;
			};
			name = Release;
		};
		EC79F9282B2981E7009B6226 /* Debug */ = {
			isa = XCBuildConfiguration;
			buildSettings = {
				ASSETCATALOG_COMPILER_APPICON_NAME = AppIcon;
				ASSETCATALOG_COMPILER_GLOBAL_ACCENT_COLOR_NAME = AccentColor;
				CODE_SIGN_STYLE = Automatic;
				CURRENT_PROJECT_VERSION = 1;
				DEVELOPMENT_TEAM = DG97VC8PLL;
				GENERATE_INFOPLIST_FILE = YES;
				INFOPLIST_FILE = testingOnboardscreens/Info.plist;
				INFOPLIST_KEY_UIApplicationSupportsIndirectInputEvents = YES;
				INFOPLIST_KEY_UILaunchStoryboardName = LaunchScreen;
				INFOPLIST_KEY_UIMainStoryboardFile = Main;
				INFOPLIST_KEY_UISupportedInterfaceOrientations_iPad = "UIInterfaceOrientationPortrait UIInterfaceOrientationPortraitUpsideDown UIInterfaceOrientationLandscapeLeft UIInterfaceOrientationLandscapeRight";
				INFOPLIST_KEY_UISupportedInterfaceOrientations_iPhone = "UIInterfaceOrientationPortrait UIInterfaceOrientationLandscapeLeft UIInterfaceOrientationLandscapeRight";
				LD_RUNPATH_SEARCH_PATHS = (
					"$(inherited)",
					"@executable_path/Frameworks",
				);
				MARKETING_VERSION = 1.0;
				PRODUCT_BUNDLE_IDENTIFIER = com.dollarbird.testingOnboardscreens;
				PRODUCT_NAME = "$(TARGET_NAME)";
				SWIFT_EMIT_LOC_STRINGS = YES;
				SWIFT_VERSION = 5.0;
				TARGETED_DEVICE_FAMILY = "1,2";
			};
			name = Debug;
		};
		EC79F9292B2981E7009B6226 /* Release */ = {
			isa = XCBuildConfiguration;
			buildSettings = {
				ASSETCATALOG_COMPILER_APPICON_NAME = AppIcon;
				ASSETCATALOG_COMPILER_GLOBAL_ACCENT_COLOR_NAME = AccentColor;
				CODE_SIGN_STYLE = Automatic;
				CURRENT_PROJECT_VERSION = 1;
				DEVELOPMENT_TEAM = DG97VC8PLL;
				GENERATE_INFOPLIST_FILE = YES;
				INFOPLIST_FILE = testingOnboardscreens/Info.plist;
				INFOPLIST_KEY_UIApplicationSupportsIndirectInputEvents = YES;
				INFOPLIST_KEY_UILaunchStoryboardName = LaunchScreen;
				INFOPLIST_KEY_UIMainStoryboardFile = Main;
				INFOPLIST_KEY_UISupportedInterfaceOrientations_iPad = "UIInterfaceOrientationPortrait UIInterfaceOrientationPortraitUpsideDown UIInterfaceOrientationLandscapeLeft UIInterfaceOrientationLandscapeRight";
				INFOPLIST_KEY_UISupportedInterfaceOrientations_iPhone = "UIInterfaceOrientationPortrait UIInterfaceOrientationLandscapeLeft UIInterfaceOrientationLandscapeRight";
				LD_RUNPATH_SEARCH_PATHS = (
					"$(inherited)",
					"@executable_path/Frameworks",
				);
				MARKETING_VERSION = 1.0;
				PRODUCT_BUNDLE_IDENTIFIER = com.dollarbird.testingOnboardscreens;
				PRODUCT_NAME = "$(TARGET_NAME)";
				SWIFT_EMIT_LOC_STRINGS = YES;
				SWIFT_VERSION = 5.0;
				TARGETED_DEVICE_FAMILY = "1,2";
			};
			name = Release;
		};
/* End XCBuildConfiguration section */

/* Begin XCConfigurationList section */
		EC79F90E2B2981E4009B6226 /* Build configuration list for PBXProject "testingOnboardscreens" */ = {
			isa = XCConfigurationList;
			buildConfigurations = (
				EC79F9252B2981E7009B6226 /* Debug */,
				EC79F9262B2981E7009B6226 /* Release */,
			);
			defaultConfigurationIsVisible = 0;
			defaultConfigurationName = Release;
		};
		EC79F9272B2981E7009B6226 /* Build configuration list for PBXNativeTarget "testingOnboardscreens" */ = {
			isa = XCConfigurationList;
			buildConfigurations = (
				EC79F9282B2981E7009B6226 /* Debug */,
				EC79F9292B2981E7009B6226 /* Release */,
			);
			defaultConfigurationIsVisible = 0;
			defaultConfigurationName = Release;
		};
/* End XCConfigurationList section */
	};
	rootObject = EC79F90B2B2981E4009B6226 /* Project object */;
}
